
Microsoft Visual Studio Solution File, Format Version 12.00
# Visual Studio Version 16
VisualStudioVersion = 16.0.30717.126
MinimumVisualStudioVersion = 10.0.40219.1
Project("{9A19103F-16F7-4668-BE54-9A1E7A4F7556}") = "Rn.NetCore.Common", "Rn.NetCore.Common\Rn.NetCore.Common.csproj", "{7870B466-C59D-4CE8-8B05-8C2F5F126BA3}"
EndProject
Project("{9A19103F-16F7-4668-BE54-9A1E7A4F7556}") = "DevConsole", "DevConsole\DevConsole.csproj", "{042550C9-F850-41C2-A891-DEAD54332BE8}"
EndProject
Project("{2150E333-8FDC-42A3-9474-1A3956D46DE8}") = "Lib", "Lib", "{28A63668-92E2-472A-BC61-14DF2941B5F4}"
EndProject
Project("{9A19103F-16F7-4668-BE54-9A1E7A4F7556}") = "Rn.NetCore.Metrics.Rabbit", "Rn.NetCore.Metrics.Rabbit\Rn.NetCore.Metrics.Rabbit.csproj", "{ACF14E7F-1F4A-4F83-BE16-3495C8B6D68F}"
EndProject
Project("{2150E333-8FDC-42A3-9474-1A3956D46DE8}") = "Test", "Test", "{697286EB-7FAA-471D-B3CC-3969CCB033D1}"
EndProject
Project("{9A19103F-16F7-4668-BE54-9A1E7A4F7556}") = "Rn.NetCore.Common.T1.Tests", "Rn.NetCore.Common.T1.Tests\Rn.NetCore.Common.T1.Tests.csproj", "{D05F462D-CA2F-42FC-BD3E-1268ADE69D13}"
EndProject
Project("{9A19103F-16F7-4668-BE54-9A1E7A4F7556}") = "Rn.NetCore.Metrics.Rabbit.T1.Tests", "Rn.NetCore.Metrics.Rabbit.T1.Tests\Rn.NetCore.Metrics.Rabbit.T1.Tests.csproj", "{9A1D0683-E7E6-4A01-8F36-D06F31FC4D11}"
EndProject
Global
	GlobalSection(SolutionConfigurationPlatforms) = preSolution
		Debug|Any CPU = Debug|Any CPU
		Release|Any CPU = Release|Any CPU
	EndGlobalSection
	GlobalSection(ProjectConfigurationPlatforms) = postSolution
		{7870B466-C59D-4CE8-8B05-8C2F5F126BA3}.Debug|Any CPU.ActiveCfg = Debug|Any CPU
		{7870B466-C59D-4CE8-8B05-8C2F5F126BA3}.Debug|Any CPU.Build.0 = Debug|Any CPU
		{7870B466-C59D-4CE8-8B05-8C2F5F126BA3}.Release|Any CPU.ActiveCfg = Release|Any CPU
		{7870B466-C59D-4CE8-8B05-8C2F5F126BA3}.Release|Any CPU.Build.0 = Release|Any CPU
		{042550C9-F850-41C2-A891-DEAD54332BE8}.Debug|Any CPU.ActiveCfg = Debug|Any CPU
		{042550C9-F850-41C2-A891-DEAD54332BE8}.Debug|Any CPU.Build.0 = Debug|Any CPU
		{042550C9-F850-41C2-A891-DEAD54332BE8}.Release|Any CPU.ActiveCfg = Release|Any CPU
		{042550C9-F850-41C2-A891-DEAD54332BE8}.Release|Any CPU.Build.0 = Release|Any CPU
		{ACF14E7F-1F4A-4F83-BE16-3495C8B6D68F}.Debug|Any CPU.ActiveCfg = Debug|Any CPU
		{ACF14E7F-1F4A-4F83-BE16-3495C8B6D68F}.Debug|Any CPU.Build.0 = Debug|Any CPU
		{ACF14E7F-1F4A-4F83-BE16-3495C8B6D68F}.Release|Any CPU.ActiveCfg = Release|Any CPU
		{ACF14E7F-1F4A-4F83-BE16-3495C8B6D68F}.Release|Any CPU.Build.0 = Release|Any CPU
		{D05F462D-CA2F-42FC-BD3E-1268ADE69D13}.Debug|Any CPU.ActiveCfg = Debug|Any CPU
		{D05F462D-CA2F-42FC-BD3E-1268ADE69D13}.Debug|Any CPU.Build.0 = Debug|Any CPU
		{D05F462D-CA2F-42FC-BD3E-1268ADE69D13}.Release|Any CPU.ActiveCfg = Release|Any CPU
		{D05F462D-CA2F-42FC-BD3E-1268ADE69D13}.Release|Any CPU.Build.0 = Release|Any CPU
		{9A1D0683-E7E6-4A01-8F36-D06F31FC4D11}.Debug|Any CPU.ActiveCfg = Debug|Any CPU
		{9A1D0683-E7E6-4A01-8F36-D06F31FC4D11}.Debug|Any CPU.Build.0 = Debug|Any CPU
		{9A1D0683-E7E6-4A01-8F36-D06F31FC4D11}.Release|Any CPU.ActiveCfg = Release|Any CPU
		{9A1D0683-E7E6-4A01-8F36-D06F31FC4D11}.Release|Any CPU.Build.0 = Release|Any CPU
	EndGlobalSection
	GlobalSection(SolutionProperties) = preSolution
		HideSolutionNode = FALSE
	EndGlobalSection
	GlobalSection(NestedProjects) = preSolution
		{7870B466-C59D-4CE8-8B05-8C2F5F126BA3} = {28A63668-92E2-472A-BC61-14DF2941B5F4}
		{ACF14E7F-1F4A-4F83-BE16-3495C8B6D68F} = {28A63668-92E2-472A-BC61-14DF2941B5F4}
		{D05F462D-CA2F-42FC-BD3E-1268ADE69D13} = {697286EB-7FAA-471D-B3CC-3969CCB033D1}
		{9A1D0683-E7E6-4A01-8F36-D06F31FC4D11} = {697286EB-7FAA-471D-B3CC-3969CCB033D1}
	EndGlobalSection
	GlobalSection(ExtensibilityGlobals) = postSolution
		SolutionGuid = {3DDD2D7A-577F-404C-8A03-B9BAC32B80ED}
	EndGlobalSection
EndGlobal
