
Microsoft Visual Studio Solution File, Format Version 12.00
# Visual Studio Version 16
VisualStudioVersion = 16.0.30717.126
MinimumVisualStudioVersion = 10.0.40219.1
Project("{9A19103F-16F7-4668-BE54-9A1E7A4F7556}") = "Rn.NetCore.Common", "Rn.NetCore.Common\Rn.NetCore.Common.csproj", "{7870B466-C59D-4CE8-8B05-8C2F5F126BA3}"
EndProject
Project("{FAE04EC0-301F-11D3-BF4B-00C04F79EFBC}") = "DevConsole", "DevConsole\DevConsole.csproj", "{042550C9-F850-41C2-A891-DEAD54332BE8}"
EndProject
Project("{2150E333-8FDC-42A3-9474-1A3956D46DE8}") = "Lib", "Lib", "{28A63668-92E2-472A-BC61-14DF2941B5F4}"
EndProject
Global
	GlobalSection(SolutionConfigurationPlatforms) = preSolution
		Debug|Any CPU = Debug|Any CPU
		Release|Any CPU = Release|Any CPU
	EndGlobalSection
	GlobalSection(ProjectConfigurationPlatforms) = postSolution
		{7870B466-C59D-4CE8-8B05-8C2F5F126BA3}.Debug|Any CPU.ActiveCfg = Debug|Any CPU
		{7870B466-C59D-4CE8-8B05-8C2F5F126BA3}.Debug|Any CPU.Build.0 = Debug|Any CPU
		{7870B466-C59D-4CE8-8B05-8C2F5F126BA3}.Release|Any CPU.ActiveCfg = Release|Any CPU
		{7870B466-C59D-4CE8-8B05-8C2F5F126BA3}.Release|Any CPU.Build.0 = Release|Any CPU
		{042550C9-F850-41C2-A891-DEAD54332BE8}.Debug|Any CPU.ActiveCfg = Debug|Any CPU
		{042550C9-F850-41C2-A891-DEAD54332BE8}.Debug|Any CPU.Build.0 = Debug|Any CPU
		{042550C9-F850-41C2-A891-DEAD54332BE8}.Release|Any CPU.ActiveCfg = Release|Any CPU
		{042550C9-F850-41C2-A891-DEAD54332BE8}.Release|Any CPU.Build.0 = Release|Any CPU
	EndGlobalSection
	GlobalSection(SolutionProperties) = preSolution
		HideSolutionNode = FALSE
	EndGlobalSection
	GlobalSection(NestedProjects) = preSolution
		{7870B466-C59D-4CE8-8B05-8C2F5F126BA3} = {28A63668-92E2-472A-BC61-14DF2941B5F4}
	EndGlobalSection
	GlobalSection(ExtensibilityGlobals) = postSolution
		SolutionGuid = {3DDD2D7A-577F-404C-8A03-B9BAC32B80ED}
	EndGlobalSection
EndGlobal
